
Microsoft Visual Studio Solution File, Format Version 12.00
# Visual Studio Version 17
VisualStudioVersion = 17.6.33723.286
MinimumVisualStudioVersion = 10.0.40219.1
Project("{FAE04EC0-301F-11D3-BF4B-00C04F79EFBC}") = "Remove Element", "Remove Element\Remove Element.csproj", "{3DDD3E54-B75D-4131-BFD2-DCE043480074}"
EndProject
Global
	GlobalSection(SolutionConfigurationPlatforms) = preSolution
		Debug|Any CPU = Debug|Any CPU
		Release|Any CPU = Release|Any CPU
	EndGlobalSection
	GlobalSection(ProjectConfigurationPlatforms) = postSolution
		{3DDD3E54-B75D-4131-BFD2-DCE043480074}.Debug|Any CPU.ActiveCfg = Debug|Any CPU
		{3DDD3E54-B75D-4131-BFD2-DCE043480074}.Debug|Any CPU.Build.0 = Debug|Any CPU
		{3DDD3E54-B75D-4131-BFD2-DCE043480074}.Release|Any CPU.ActiveCfg = Release|Any CPU
		{3DDD3E54-B75D-4131-BFD2-DCE043480074}.Release|Any CPU.Build.0 = Release|Any CPU
	EndGlobalSection
	GlobalSection(SolutionProperties) = preSolution
		HideSolutionNode = FALSE
	EndGlobalSection
	GlobalSection(ExtensibilityGlobals) = postSolution
		SolutionGuid = {11733DC7-F8FC-4BE4-A2FA-D4F8E2E87539}
	EndGlobalSection
EndGlobal
