
Microsoft Visual Studio Solution File, Format Version 12.00
# Visual Studio Version 17
VisualStudioVersion = 17.6.33723.286
MinimumVisualStudioVersion = 10.0.40219.1
Project("{FAE04EC0-301F-11D3-BF4B-00C04F79EFBC}") = "Is N Divisible By X And Y", "Is N Divisible By X And Y\Is N Divisible By X And Y.csproj", "{E6784FDA-C554-4A11-AAE4-77EE6AAA037E}"
EndProject
Global
	GlobalSection(SolutionConfigurationPlatforms) = preSolution
		Debug|Any CPU = Debug|Any CPU
		Release|Any CPU = Release|Any CPU
	EndGlobalSection
	GlobalSection(ProjectConfigurationPlatforms) = postSolution
		{E6784FDA-C554-4A11-AAE4-77EE6AAA037E}.Debug|Any CPU.ActiveCfg = Debug|Any CPU
		{E6784FDA-C554-4A11-AAE4-77EE6AAA037E}.Debug|Any CPU.Build.0 = Debug|Any CPU
		{E6784FDA-C554-4A11-AAE4-77EE6AAA037E}.Release|Any CPU.ActiveCfg = Release|Any CPU
		{E6784FDA-C554-4A11-AAE4-77EE6AAA037E}.Release|Any CPU.Build.0 = Release|Any CPU
	EndGlobalSection
	GlobalSection(SolutionProperties) = preSolution
		HideSolutionNode = FALSE
	EndGlobalSection
	GlobalSection(ExtensibilityGlobals) = postSolution
		SolutionGuid = {F45B2246-4613-4566-AC99-B217E3DB7655}
	EndGlobalSection
EndGlobal
